
Microsoft Visual Studio Solution File, Format Version 12.00
# Visual Studio 2013
VisualStudioVersion = 12.0.31101.0
MinimumVisualStudioVersion = 10.0.40219.1
Project("{FAE04EC0-301F-11D3-BF4B-00C04F79EFBC}") = "MvcInitialization", "MvcMultiLanguage\MvcInitialization.csproj", "{1DB28C08-B0A1-404A-885B-6EE82673D145}"
EndProject
Project("{FAE04EC0-301F-11D3-BF4B-00C04F79EFBC}") = "Resources", "Resources\Resources.csproj", "{CA6D2D50-D76E-4363-8C89-2B3355D5BD6C}"
EndProject
Global
	GlobalSection(SolutionConfigurationPlatforms) = preSolution
		Debug|Any CPU = Debug|Any CPU
		Release|Any CPU = Release|Any CPU
	EndGlobalSection
	GlobalSection(ProjectConfigurationPlatforms) = postSolution
		{1DB28C08-B0A1-404A-885B-6EE82673D145}.Debug|Any CPU.ActiveCfg = Debug|Any CPU
		{1DB28C08-B0A1-404A-885B-6EE82673D145}.Debug|Any CPU.Build.0 = Debug|Any CPU
		{1DB28C08-B0A1-404A-885B-6EE82673D145}.Release|Any CPU.ActiveCfg = Release|Any CPU
		{1DB28C08-B0A1-404A-885B-6EE82673D145}.Release|Any CPU.Build.0 = Release|Any CPU
		{CA6D2D50-D76E-4363-8C89-2B3355D5BD6C}.Debug|Any CPU.ActiveCfg = Debug|Any CPU
		{CA6D2D50-D76E-4363-8C89-2B3355D5BD6C}.Debug|Any CPU.Build.0 = Debug|Any CPU
		{CA6D2D50-D76E-4363-8C89-2B3355D5BD6C}.Release|Any CPU.ActiveCfg = Release|Any CPU
		{CA6D2D50-D76E-4363-8C89-2B3355D5BD6C}.Release|Any CPU.Build.0 = Release|Any CPU
	EndGlobalSection
	GlobalSection(SolutionProperties) = preSolution
		HideSolutionNode = FALSE
	EndGlobalSection
EndGlobal
